// !$*UTF8*$!
{
	archiveVersion = 1;
	classes = {
	};
	objectVersion = 46;
	objects = {

/* Begin PBXBuildFile section */
		0BBD581A1E66DABC0032256B /* APIKit.h in Headers */ = {isa = PBXBuildFile; fileRef = 0BBD58181E66DABC0032256B /* APIKit.h */; settings = {ATTRIBUTES = (Public, ); }; };
		0BBD58211E66DB550032256B /* JSON.swift in Sources */ = {isa = PBXBuildFile; fileRef = 0BBD58201E66DB550032256B /* JSON.swift */; };
		0BBD58251E66DC390032256B /* Endpoint.swift in Sources */ = {isa = PBXBuildFile; fileRef = 0BBD58241E66DC390032256B /* Endpoint.swift */; };
		0BBD58271E66DD350032256B /* Marshalling.swift in Sources */ = {isa = PBXBuildFile; fileRef = 0BBD58261E66DD350032256B /* Marshalling.swift */; };
		0BBD58291E66DE6D0032256B /* BuildRequestProcedure.swift in Sources */ = {isa = PBXBuildFile; fileRef = 0BBD58281E66DE6D0032256B /* BuildRequestProcedure.swift */; };
		0BBD582C1E66DE8A0032256B /* ProcedureKit.framework in Frameworks */ = {isa = PBXBuildFile; fileRef = 0BBD582B1E66DE8A0032256B /* ProcedureKit.framework */; };
		0BBD582E1E66DE950032256B /* ProcedureKitNetwork.framework in Frameworks */ = {isa = PBXBuildFile; fileRef = 0BBD582D1E66DE950032256B /* ProcedureKitNetwork.framework */; };
		0BD1A68A1E893C6200EA0C1A /* Error.swift in Sources */ = {isa = PBXBuildFile; fileRef = 0BD1A6891E893C6200EA0C1A /* Error.swift */; };
		0BD1A69F1E8943E700EA0C1A /* APIKit.h in Headers */ = {isa = PBXBuildFile; fileRef = 0BBD58181E66DABC0032256B /* APIKit.h */; settings = {ATTRIBUTES = (Public, ); }; };
		0BD1A6A01E89440300EA0C1A /* JSON.swift in Sources */ = {isa = PBXBuildFile; fileRef = 0BBD58201E66DB550032256B /* JSON.swift */; };
		0BD1A6A11E89440700EA0C1A /* Endpoint.swift in Sources */ = {isa = PBXBuildFile; fileRef = 0BBD58241E66DC390032256B /* Endpoint.swift */; };
		0BD1A6A21E89440700EA0C1A /* Marshalling.swift in Sources */ = {isa = PBXBuildFile; fileRef = 0BBD58261E66DD350032256B /* Marshalling.swift */; };
		0BD1A6A31E89440700EA0C1A /* ResponseValidation.swift in Sources */ = {isa = PBXBuildFile; fileRef = 0BDCA44E1E793A5B001D5443 /* ResponseValidation.swift */; };
		0BD1A6A41E89440700EA0C1A /* BuildRequestProcedure.swift in Sources */ = {isa = PBXBuildFile; fileRef = 0BBD58281E66DE6D0032256B /* BuildRequestProcedure.swift */; };
		0BD1A6A51E89440700EA0C1A /* DownloadProcedure.swift in Sources */ = {isa = PBXBuildFile; fileRef = 0BDCA44A1E793646001D5443 /* DownloadProcedure.swift */; };
		0BD1A6A61E89440700EA0C1A /* UnmarshallProcedure.swift in Sources */ = {isa = PBXBuildFile; fileRef = 0BDCA44C1E7936F6001D5443 /* UnmarshallProcedure.swift */; };
		0BD1A6A71E89440700EA0C1A /* ValidateResponseProcedure.swift in Sources */ = {isa = PBXBuildFile; fileRef = 0BDCA4501E793B08001D5443 /* ValidateResponseProcedure.swift */; };
		0BD1A6A81E89440700EA0C1A /* Error.swift in Sources */ = {isa = PBXBuildFile; fileRef = 0BD1A6891E893C6200EA0C1A /* Error.swift */; };
		0BD1A6AC1E89445E00EA0C1A /* ProcedureKit.framework in Frameworks */ = {isa = PBXBuildFile; fileRef = 0BD1A6AA1E89445E00EA0C1A /* ProcedureKit.framework */; };
		0BD1A6AD1E89445E00EA0C1A /* ProcedureKitNetwork.framework in Frameworks */ = {isa = PBXBuildFile; fileRef = 0BD1A6AB1E89445E00EA0C1A /* ProcedureKitNetwork.framework */; };
		0BD1A6BB1E8944A600EA0C1A /* APIKit.h in Headers */ = {isa = PBXBuildFile; fileRef = 0BBD58181E66DABC0032256B /* APIKit.h */; settings = {ATTRIBUTES = (Public, ); }; };
		0BD1A6BC1E8944B100EA0C1A /* JSON.swift in Sources */ = {isa = PBXBuildFile; fileRef = 0BBD58201E66DB550032256B /* JSON.swift */; };
		0BD1A6BD1E8944B100EA0C1A /* Endpoint.swift in Sources */ = {isa = PBXBuildFile; fileRef = 0BBD58241E66DC390032256B /* Endpoint.swift */; };
		0BD1A6BE1E8944B100EA0C1A /* Marshalling.swift in Sources */ = {isa = PBXBuildFile; fileRef = 0BBD58261E66DD350032256B /* Marshalling.swift */; };
		0BD1A6BF1E8944B100EA0C1A /* ResponseValidation.swift in Sources */ = {isa = PBXBuildFile; fileRef = 0BDCA44E1E793A5B001D5443 /* ResponseValidation.swift */; };
		0BD1A6C01E8944B100EA0C1A /* BuildRequestProcedure.swift in Sources */ = {isa = PBXBuildFile; fileRef = 0BBD58281E66DE6D0032256B /* BuildRequestProcedure.swift */; };
		0BD1A6C11E8944B100EA0C1A /* DownloadProcedure.swift in Sources */ = {isa = PBXBuildFile; fileRef = 0BDCA44A1E793646001D5443 /* DownloadProcedure.swift */; };
		0BD1A6C21E8944B100EA0C1A /* UnmarshallProcedure.swift in Sources */ = {isa = PBXBuildFile; fileRef = 0BDCA44C1E7936F6001D5443 /* UnmarshallProcedure.swift */; };
		0BD1A6C31E8944B100EA0C1A /* ValidateResponseProcedure.swift in Sources */ = {isa = PBXBuildFile; fileRef = 0BDCA4501E793B08001D5443 /* ValidateResponseProcedure.swift */; };
		0BD1A6C41E8944B100EA0C1A /* Error.swift in Sources */ = {isa = PBXBuildFile; fileRef = 0BD1A6891E893C6200EA0C1A /* Error.swift */; };
		0BD1A6C71E8944C500EA0C1A /* ProcedureKit.framework in Frameworks */ = {isa = PBXBuildFile; fileRef = 0BD1A6C51E8944C500EA0C1A /* ProcedureKit.framework */; };
		0BD1A6C81E8944C500EA0C1A /* ProcedureKitNetwork.framework in Frameworks */ = {isa = PBXBuildFile; fileRef = 0BD1A6C61E8944C500EA0C1A /* ProcedureKitNetwork.framework */; };
		0BD1A6D61E89450800EA0C1A /* APIKit.h in Headers */ = {isa = PBXBuildFile; fileRef = 0BBD58181E66DABC0032256B /* APIKit.h */; settings = {ATTRIBUTES = (Public, ); }; };
		0BD1A6D71E89450F00EA0C1A /* JSON.swift in Sources */ = {isa = PBXBuildFile; fileRef = 0BBD58201E66DB550032256B /* JSON.swift */; };
		0BD1A6D81E89450F00EA0C1A /* Endpoint.swift in Sources */ = {isa = PBXBuildFile; fileRef = 0BBD58241E66DC390032256B /* Endpoint.swift */; };
		0BD1A6D91E89450F00EA0C1A /* Marshalling.swift in Sources */ = {isa = PBXBuildFile; fileRef = 0BBD58261E66DD350032256B /* Marshalling.swift */; };
		0BD1A6DA1E89450F00EA0C1A /* ResponseValidation.swift in Sources */ = {isa = PBXBuildFile; fileRef = 0BDCA44E1E793A5B001D5443 /* ResponseValidation.swift */; };
		0BD1A6DB1E89450F00EA0C1A /* BuildRequestProcedure.swift in Sources */ = {isa = PBXBuildFile; fileRef = 0BBD58281E66DE6D0032256B /* BuildRequestProcedure.swift */; };
		0BD1A6DC1E89450F00EA0C1A /* DownloadProcedure.swift in Sources */ = {isa = PBXBuildFile; fileRef = 0BDCA44A1E793646001D5443 /* DownloadProcedure.swift */; };
		0BD1A6DD1E89450F00EA0C1A /* UnmarshallProcedure.swift in Sources */ = {isa = PBXBuildFile; fileRef = 0BDCA44C1E7936F6001D5443 /* UnmarshallProcedure.swift */; };
		0BD1A6DE1E89450F00EA0C1A /* ValidateResponseProcedure.swift in Sources */ = {isa = PBXBuildFile; fileRef = 0BDCA4501E793B08001D5443 /* ValidateResponseProcedure.swift */; };
		0BD1A6DF1E89450F00EA0C1A /* Error.swift in Sources */ = {isa = PBXBuildFile; fileRef = 0BD1A6891E893C6200EA0C1A /* Error.swift */; };
		0BD1A6E21E89452B00EA0C1A /* ProcedureKitNetwork.framework in Frameworks */ = {isa = PBXBuildFile; fileRef = 0BD1A6E01E89452B00EA0C1A /* ProcedureKitNetwork.framework */; };
		0BD1A6E31E89452B00EA0C1A /* ProcedureKit.framework in Frameworks */ = {isa = PBXBuildFile; fileRef = 0BD1A6E11E89452B00EA0C1A /* ProcedureKit.framework */; };
		0BD1A6EB1E8945E700EA0C1A /* Tests.swift in Sources */ = {isa = PBXBuildFile; fileRef = 0BD1A6EA1E8945E700EA0C1A /* Tests.swift */; };
		0BD1A6ED1E8945E700EA0C1A /* APIKit.framework in Frameworks */ = {isa = PBXBuildFile; fileRef = 0BBD580C1E66DA190032256B /* APIKit.framework */; };
		0BD1A6FC1E89467500EA0C1A /* APIKit.framework in Frameworks */ = {isa = PBXBuildFile; fileRef = 0BD1A6971E8943C400EA0C1A /* APIKit.framework */; };
		0BD1A7021E8946A900EA0C1A /* Tests.swift in Sources */ = {isa = PBXBuildFile; fileRef = 0BD1A6EA1E8945E700EA0C1A /* Tests.swift */; };
		0BD1A70A1E8946CC00EA0C1A /* Tests_tvOS.swift in Sources */ = {isa = PBXBuildFile; fileRef = 0BD1A7091E8946CC00EA0C1A /* Tests_tvOS.swift */; };
		0BD1A70C1E8946CC00EA0C1A /* APIKit.framework in Frameworks */ = {isa = PBXBuildFile; fileRef = 0BD1A6CE1E8944F100EA0C1A /* APIKit.framework */; };
		0BD1A7121E8946E400EA0C1A /* Tests.swift in Sources */ = {isa = PBXBuildFile; fileRef = 0BD1A6EA1E8945E700EA0C1A /* Tests.swift */; };
		0BDCA44B1E793646001D5443 /* DownloadProcedure.swift in Sources */ = {isa = PBXBuildFile; fileRef = 0BDCA44A1E793646001D5443 /* DownloadProcedure.swift */; };
		0BDCA44D1E7936F6001D5443 /* UnmarshallProcedure.swift in Sources */ = {isa = PBXBuildFile; fileRef = 0BDCA44C1E7936F6001D5443 /* UnmarshallProcedure.swift */; };
		0BDCA44F1E793A5B001D5443 /* ResponseValidation.swift in Sources */ = {isa = PBXBuildFile; fileRef = 0BDCA44E1E793A5B001D5443 /* ResponseValidation.swift */; };
		0BDCA4511E793B08001D5443 /* ValidateResponseProcedure.swift in Sources */ = {isa = PBXBuildFile; fileRef = 0BDCA4501E793B08001D5443 /* ValidateResponseProcedure.swift */; };
/* End PBXBuildFile section */

/* Begin PBXContainerItemProxy section */
		0BD1A6EE1E8945E700EA0C1A /* PBXContainerItemProxy */ = {
			isa = PBXContainerItemProxy;
			containerPortal = 0BBD58031E66DA190032256B /* Project object */;
			proxyType = 1;
			remoteGlobalIDString = 0BBD580B1E66DA190032256B;
			remoteInfo = "APIKit-iOS";
		};
		0BD1A6FD1E89467500EA0C1A /* PBXContainerItemProxy */ = {
			isa = PBXContainerItemProxy;
			containerPortal = 0BBD58031E66DA190032256B /* Project object */;
			proxyType = 1;
			remoteGlobalIDString = 0BD1A6961E8943C400EA0C1A;
			remoteInfo = "APIKit-macOS";
		};
		0BD1A70D1E8946CC00EA0C1A /* PBXContainerItemProxy */ = {
			isa = PBXContainerItemProxy;
			containerPortal = 0BBD58031E66DA190032256B /* Project object */;
			proxyType = 1;
			remoteGlobalIDString = 0BD1A6CD1E8944F100EA0C1A;
			remoteInfo = "APIKit-tvOS";
		};
/* End PBXContainerItemProxy section */

/* Begin PBXFileReference section */
		0BBD580C1E66DA190032256B /* APIKit.framework */ = {isa = PBXFileReference; explicitFileType = wrapper.framework; includeInIndex = 0; path = APIKit.framework; sourceTree = BUILT_PRODUCTS_DIR; };
		0BBD58181E66DABC0032256B /* APIKit.h */ = {isa = PBXFileReference; fileEncoding = 4; lastKnownFileType = sourcecode.c.h; path = APIKit.h; sourceTree = "<group>"; };
		0BBD58191E66DABC0032256B /* Info.plist */ = {isa = PBXFileReference; fileEncoding = 4; lastKnownFileType = text.plist.xml; path = Info.plist; sourceTree = "<group>"; };
		0BBD581C1E66DAE70032256B /* .swiftlint.yml */ = {isa = PBXFileReference; fileEncoding = 4; lastKnownFileType = text; path = .swiftlint.yml; sourceTree = "<group>"; };
		0BBD581E1E66DAF20032256B /* .jazzy.yaml */ = {isa = PBXFileReference; lastKnownFileType = text; path = .jazzy.yaml; sourceTree = "<group>"; };
		0BBD58201E66DB550032256B /* JSON.swift */ = {isa = PBXFileReference; fileEncoding = 4; lastKnownFileType = sourcecode.swift; path = JSON.swift; sourceTree = "<group>"; };
		0BBD58221E66DB8C0032256B /* Cartfile */ = {isa = PBXFileReference; lastKnownFileType = text; path = Cartfile; sourceTree = "<group>"; };
		0BBD58241E66DC390032256B /* Endpoint.swift */ = {isa = PBXFileReference; fileEncoding = 4; lastKnownFileType = sourcecode.swift; path = Endpoint.swift; sourceTree = "<group>"; };
		0BBD58261E66DD350032256B /* Marshalling.swift */ = {isa = PBXFileReference; fileEncoding = 4; lastKnownFileType = sourcecode.swift; path = Marshalling.swift; sourceTree = "<group>"; };
		0BBD58281E66DE6D0032256B /* BuildRequestProcedure.swift */ = {isa = PBXFileReference; fileEncoding = 4; lastKnownFileType = sourcecode.swift; path = BuildRequestProcedure.swift; sourceTree = "<group>"; };
		0BBD582B1E66DE8A0032256B /* ProcedureKit.framework */ = {isa = PBXFileReference; lastKnownFileType = wrapper.framework; name = ProcedureKit.framework; path = Carthage/Build/iOS/ProcedureKit.framework; sourceTree = "<group>"; };
		0BBD582D1E66DE950032256B /* ProcedureKitNetwork.framework */ = {isa = PBXFileReference; lastKnownFileType = wrapper.framework; name = ProcedureKitNetwork.framework; path = Carthage/Build/iOS/ProcedureKitNetwork.framework; sourceTree = "<group>"; };
		0BD1A6891E893C6200EA0C1A /* Error.swift */ = {isa = PBXFileReference; fileEncoding = 4; lastKnownFileType = sourcecode.swift; path = Error.swift; sourceTree = "<group>"; };
		0BD1A68D1E8941D200EA0C1A /* Gemfile */ = {isa = PBXFileReference; lastKnownFileType = text; path = Gemfile; sourceTree = "<group>"; };
		0BD1A68E1E8941D900EA0C1A /* README.md */ = {isa = PBXFileReference; lastKnownFileType = net.daringfireball.markdown; path = README.md; sourceTree = "<group>"; };
		0BD1A6911E89425400EA0C1A /* Fastfile */ = {isa = PBXFileReference; lastKnownFileType = text; path = Fastfile; sourceTree = "<group>"; };
		0BD1A6971E8943C400EA0C1A /* APIKit.framework */ = {isa = PBXFileReference; explicitFileType = wrapper.framework; includeInIndex = 0; path = APIKit.framework; sourceTree = BUILT_PRODUCTS_DIR; };
		0BD1A6AA1E89445E00EA0C1A /* ProcedureKit.framework */ = {isa = PBXFileReference; lastKnownFileType = wrapper.framework; name = ProcedureKit.framework; path = Carthage/Build/Mac/ProcedureKit.framework; sourceTree = "<group>"; };
		0BD1A6AB1E89445E00EA0C1A /* ProcedureKitNetwork.framework */ = {isa = PBXFileReference; lastKnownFileType = wrapper.framework; name = ProcedureKitNetwork.framework; path = Carthage/Build/Mac/ProcedureKitNetwork.framework; sourceTree = "<group>"; };
		0BD1A6B31E89448A00EA0C1A /* APIKit.framework */ = {isa = PBXFileReference; explicitFileType = wrapper.framework; includeInIndex = 0; path = APIKit.framework; sourceTree = BUILT_PRODUCTS_DIR; };
		0BD1A6C51E8944C500EA0C1A /* ProcedureKit.framework */ = {isa = PBXFileReference; lastKnownFileType = wrapper.framework; name = ProcedureKit.framework; path = Carthage/Build/watchOS/ProcedureKit.framework; sourceTree = "<group>"; };
		0BD1A6C61E8944C500EA0C1A /* ProcedureKitNetwork.framework */ = {isa = PBXFileReference; lastKnownFileType = wrapper.framework; name = ProcedureKitNetwork.framework; path = Carthage/Build/watchOS/ProcedureKitNetwork.framework; sourceTree = "<group>"; };
		0BD1A6CE1E8944F100EA0C1A /* APIKit.framework */ = {isa = PBXFileReference; explicitFileType = wrapper.framework; includeInIndex = 0; path = APIKit.framework; sourceTree = BUILT_PRODUCTS_DIR; };
		0BD1A6E01E89452B00EA0C1A /* ProcedureKitNetwork.framework */ = {isa = PBXFileReference; lastKnownFileType = wrapper.framework; name = ProcedureKitNetwork.framework; path = Carthage/Build/tvOS/ProcedureKitNetwork.framework; sourceTree = "<group>"; };
		0BD1A6E11E89452B00EA0C1A /* ProcedureKit.framework */ = {isa = PBXFileReference; lastKnownFileType = wrapper.framework; name = ProcedureKit.framework; path = Carthage/Build/tvOS/ProcedureKit.framework; sourceTree = "<group>"; };
		0BD1A6E81E8945E700EA0C1A /* APIKitTests.xctest */ = {isa = PBXFileReference; explicitFileType = wrapper.cfbundle; includeInIndex = 0; path = APIKitTests.xctest; sourceTree = BUILT_PRODUCTS_DIR; };
		0BD1A6EA1E8945E700EA0C1A /* Tests.swift */ = {isa = PBXFileReference; lastKnownFileType = sourcecode.swift; path = Tests.swift; sourceTree = "<group>"; };
		0BD1A6EC1E8945E700EA0C1A /* Info.plist */ = {isa = PBXFileReference; lastKnownFileType = text.plist.xml; path = Info.plist; sourceTree = "<group>"; };
		0BD1A6F71E89467500EA0C1A /* APIKitTests.xctest */ = {isa = PBXFileReference; explicitFileType = wrapper.cfbundle; includeInIndex = 0; path = APIKitTests.xctest; sourceTree = BUILT_PRODUCTS_DIR; };
		0BD1A7071E8946CC00EA0C1A /* APIKitTests.xctest */ = {isa = PBXFileReference; explicitFileType = wrapper.cfbundle; includeInIndex = 0; path = APIKitTests.xctest; sourceTree = BUILT_PRODUCTS_DIR; };
		0BD1A7091E8946CC00EA0C1A /* Tests_tvOS.swift */ = {isa = PBXFileReference; lastKnownFileType = sourcecode.swift; path = Tests_tvOS.swift; sourceTree = "<group>"; };
		0BD1A70B1E8946CC00EA0C1A /* Info.plist */ = {isa = PBXFileReference; lastKnownFileType = text.plist.xml; path = Info.plist; sourceTree = "<group>"; };
		0BDCA44A1E793646001D5443 /* DownloadProcedure.swift */ = {isa = PBXFileReference; fileEncoding = 4; lastKnownFileType = sourcecode.swift; path = DownloadProcedure.swift; sourceTree = "<group>"; };
		0BDCA44C1E7936F6001D5443 /* UnmarshallProcedure.swift */ = {isa = PBXFileReference; fileEncoding = 4; lastKnownFileType = sourcecode.swift; path = UnmarshallProcedure.swift; sourceTree = "<group>"; };
		0BDCA44E1E793A5B001D5443 /* ResponseValidation.swift */ = {isa = PBXFileReference; fileEncoding = 4; lastKnownFileType = sourcecode.swift; path = ResponseValidation.swift; sourceTree = "<group>"; };
		0BDCA4501E793B08001D5443 /* ValidateResponseProcedure.swift */ = {isa = PBXFileReference; fileEncoding = 4; lastKnownFileType = sourcecode.swift; path = ValidateResponseProcedure.swift; sourceTree = "<group>"; };
/* End PBXFileReference section */

/* Begin PBXFrameworksBuildPhase section */
		0BBD58081E66DA190032256B /* Frameworks */ = {
			isa = PBXFrameworksBuildPhase;
			buildActionMask = 2147483647;
			files = (
				0BBD582E1E66DE950032256B /* ProcedureKitNetwork.framework in Frameworks */,
				0BBD582C1E66DE8A0032256B /* ProcedureKit.framework in Frameworks */,
			);
			runOnlyForDeploymentPostprocessing = 0;
		};
		0BD1A6931E8943C400EA0C1A /* Frameworks */ = {
			isa = PBXFrameworksBuildPhase;
			buildActionMask = 2147483647;
			files = (
				0BD1A6AC1E89445E00EA0C1A /* ProcedureKit.framework in Frameworks */,
				0BD1A6AD1E89445E00EA0C1A /* ProcedureKitNetwork.framework in Frameworks */,
			);
			runOnlyForDeploymentPostprocessing = 0;
		};
		0BD1A6AF1E89448A00EA0C1A /* Frameworks */ = {
			isa = PBXFrameworksBuildPhase;
			buildActionMask = 2147483647;
			files = (
				0BD1A6C71E8944C500EA0C1A /* ProcedureKit.framework in Frameworks */,
				0BD1A6C81E8944C500EA0C1A /* ProcedureKitNetwork.framework in Frameworks */,
			);
			runOnlyForDeploymentPostprocessing = 0;
		};
		0BD1A6CA1E8944F100EA0C1A /* Frameworks */ = {
			isa = PBXFrameworksBuildPhase;
			buildActionMask = 2147483647;
			files = (
				0BD1A6E21E89452B00EA0C1A /* ProcedureKitNetwork.framework in Frameworks */,
				0BD1A6E31E89452B00EA0C1A /* ProcedureKit.framework in Frameworks */,
			);
			runOnlyForDeploymentPostprocessing = 0;
		};
		0BD1A6E51E8945E700EA0C1A /* Frameworks */ = {
			isa = PBXFrameworksBuildPhase;
			buildActionMask = 2147483647;
			files = (
				0BD1A6ED1E8945E700EA0C1A /* APIKit.framework in Frameworks */,
			);
			runOnlyForDeploymentPostprocessing = 0;
		};
		0BD1A6F41E89467500EA0C1A /* Frameworks */ = {
			isa = PBXFrameworksBuildPhase;
			buildActionMask = 2147483647;
			files = (
				0BD1A6FC1E89467500EA0C1A /* APIKit.framework in Frameworks */,
			);
			runOnlyForDeploymentPostprocessing = 0;
		};
		0BD1A7041E8946CC00EA0C1A /* Frameworks */ = {
			isa = PBXFrameworksBuildPhase;
			buildActionMask = 2147483647;
			files = (
				0BD1A70C1E8946CC00EA0C1A /* APIKit.framework in Frameworks */,
			);
			runOnlyForDeploymentPostprocessing = 0;
		};
/* End PBXFrameworksBuildPhase section */

/* Begin PBXGroup section */
		0BBD58021E66DA190032256B = {
			isa = PBXGroup;
			children = (
				0BD1A68E1E8941D900EA0C1A /* README.md */,
				0BD1A68D1E8941D200EA0C1A /* Gemfile */,
				0BBD58221E66DB8C0032256B /* Cartfile */,
				0BBD581E1E66DAF20032256B /* .jazzy.yaml */,
				0BD1A6901E89425400EA0C1A /* fastlane */,
				0BBD581C1E66DAE70032256B /* .swiftlint.yml */,
				0BBD58171E66DABC0032256B /* Sources */,
				0BD1A6E91E8945E700EA0C1A /* Tests */,
				0BD1A7081E8946CC00EA0C1A /* Tests-tvOS */,
				0BBD580D1E66DA190032256B /* Products */,
				0BBD582A1E66DE8A0032256B /* Frameworks */,
			);
			sourceTree = "<group>";
		};
		0BBD580D1E66DA190032256B /* Products */ = {
			isa = PBXGroup;
			children = (
				0BBD580C1E66DA190032256B /* APIKit.framework */,
				0BD1A6971E8943C400EA0C1A /* APIKit.framework */,
				0BD1A6B31E89448A00EA0C1A /* APIKit.framework */,
				0BD1A6CE1E8944F100EA0C1A /* APIKit.framework */,
				0BD1A6E81E8945E700EA0C1A /* APIKitTests.xctest */,
				0BD1A6F71E89467500EA0C1A /* APIKitTests.xctest */,
				0BD1A7071E8946CC00EA0C1A /* APIKitTests.xctest */,
			);
			name = Products;
			sourceTree = "<group>";
		};
		0BBD58171E66DABC0032256B /* Sources */ = {
			isa = PBXGroup;
			children = (
				0BBD58181E66DABC0032256B /* APIKit.h */,
				0BBD58191E66DABC0032256B /* Info.plist */,
				0BBD58241E66DC390032256B /* Endpoint.swift */,
				0BBD58261E66DD350032256B /* Marshalling.swift */,
				0BBD58201E66DB550032256B /* JSON.swift */,
				0BDCA44E1E793A5B001D5443 /* ResponseValidation.swift */,
				0BBD58281E66DE6D0032256B /* BuildRequestProcedure.swift */,
				0BDCA44A1E793646001D5443 /* DownloadProcedure.swift */,
				0BDCA44C1E7936F6001D5443 /* UnmarshallProcedure.swift */,
				0BDCA4501E793B08001D5443 /* ValidateResponseProcedure.swift */,
				0BD1A6891E893C6200EA0C1A /* Error.swift */,
			);
			path = Sources;
			sourceTree = "<group>";
		};
		0BBD582A1E66DE8A0032256B /* Frameworks */ = {
			isa = PBXGroup;
			children = (
				0BD1A6E01E89452B00EA0C1A /* ProcedureKitNetwork.framework */,
				0BD1A6E11E89452B00EA0C1A /* ProcedureKit.framework */,
				0BD1A6C51E8944C500EA0C1A /* ProcedureKit.framework */,
				0BD1A6C61E8944C500EA0C1A /* ProcedureKitNetwork.framework */,
				0BD1A6AA1E89445E00EA0C1A /* ProcedureKit.framework */,
				0BD1A6AB1E89445E00EA0C1A /* ProcedureKitNetwork.framework */,
				0BBD582D1E66DE950032256B /* ProcedureKitNetwork.framework */,
				0BBD582B1E66DE8A0032256B /* ProcedureKit.framework */,
			);
			name = Frameworks;
			sourceTree = "<group>";
		};
		0BD1A6901E89425400EA0C1A /* fastlane */ = {
			isa = PBXGroup;
			children = (
				0BD1A6911E89425400EA0C1A /* Fastfile */,
			);
			path = fastlane;
			sourceTree = "<group>";
		};
		0BD1A6E91E8945E700EA0C1A /* Tests */ = {
			isa = PBXGroup;
			children = (
				0BD1A6EA1E8945E700EA0C1A /* Tests.swift */,
				0BD1A6EC1E8945E700EA0C1A /* Info.plist */,
			);
			path = Tests;
			sourceTree = "<group>";
		};
		0BD1A7081E8946CC00EA0C1A /* Tests-tvOS */ = {
			isa = PBXGroup;
			children = (
				0BD1A7091E8946CC00EA0C1A /* Tests_tvOS.swift */,
				0BD1A70B1E8946CC00EA0C1A /* Info.plist */,
			);
			path = "Tests-tvOS";
			sourceTree = "<group>";
		};
/* End PBXGroup section */

/* Begin PBXHeadersBuildPhase section */
		0BBD58091E66DA190032256B /* Headers */ = {
			isa = PBXHeadersBuildPhase;
			buildActionMask = 2147483647;
			files = (
				0BBD581A1E66DABC0032256B /* APIKit.h in Headers */,
			);
			runOnlyForDeploymentPostprocessing = 0;
		};
		0BD1A6941E8943C400EA0C1A /* Headers */ = {
			isa = PBXHeadersBuildPhase;
			buildActionMask = 2147483647;
			files = (
				0BD1A69F1E8943E700EA0C1A /* APIKit.h in Headers */,
			);
			runOnlyForDeploymentPostprocessing = 0;
		};
		0BD1A6B01E89448A00EA0C1A /* Headers */ = {
			isa = PBXHeadersBuildPhase;
			buildActionMask = 2147483647;
			files = (
				0BD1A6BB1E8944A600EA0C1A /* APIKit.h in Headers */,
			);
			runOnlyForDeploymentPostprocessing = 0;
		};
		0BD1A6CB1E8944F100EA0C1A /* Headers */ = {
			isa = PBXHeadersBuildPhase;
			buildActionMask = 2147483647;
			files = (
				0BD1A6D61E89450800EA0C1A /* APIKit.h in Headers */,
			);
			runOnlyForDeploymentPostprocessing = 0;
		};
/* End PBXHeadersBuildPhase section */

/* Begin PBXNativeTarget section */
		0BBD580B1E66DA190032256B /* APIKit-iOS */ = {
			isa = PBXNativeTarget;
			buildConfigurationList = 0BBD58141E66DA190032256B /* Build configuration list for PBXNativeTarget "APIKit-iOS" */;
			buildPhases = (
				0BBD58071E66DA190032256B /* Sources */,
				0BBD58081E66DA190032256B /* Frameworks */,
				0BBD58091E66DA190032256B /* Headers */,
				0BBD580A1E66DA190032256B /* Resources */,
				0BBD581F1E66DB250032256B /* SwiftLint */,
				0BBD58231E66DBAC0032256B /* Carthage */,
			);
			buildRules = (
			);
			dependencies = (
			);
			name = "APIKit-iOS";
			productName = APIKit;
			productReference = 0BBD580C1E66DA190032256B /* APIKit.framework */;
			productType = "com.apple.product-type.framework";
		};
		0BD1A6961E8943C400EA0C1A /* APIKit-macOS */ = {
			isa = PBXNativeTarget;
			buildConfigurationList = 0BD1A69C1E8943C400EA0C1A /* Build configuration list for PBXNativeTarget "APIKit-macOS" */;
			buildPhases = (
				0BD1A6921E8943C400EA0C1A /* Sources */,
				0BD1A6931E8943C400EA0C1A /* Frameworks */,
				0BD1A6941E8943C400EA0C1A /* Headers */,
				0BD1A6951E8943C400EA0C1A /* Resources */,
			);
			buildRules = (
			);
			dependencies = (
			);
			name = "APIKit-macOS";
			productName = "APIKit-macOS";
			productReference = 0BD1A6971E8943C400EA0C1A /* APIKit.framework */;
			productType = "com.apple.product-type.framework";
		};
		0BD1A6B21E89448A00EA0C1A /* APIKit-watchOS */ = {
			isa = PBXNativeTarget;
			buildConfigurationList = 0BD1A6B81E89448A00EA0C1A /* Build configuration list for PBXNativeTarget "APIKit-watchOS" */;
			buildPhases = (
				0BD1A6AE1E89448A00EA0C1A /* Sources */,
				0BD1A6AF1E89448A00EA0C1A /* Frameworks */,
				0BD1A6B01E89448A00EA0C1A /* Headers */,
				0BD1A6B11E89448A00EA0C1A /* Resources */,
			);
			buildRules = (
			);
			dependencies = (
			);
			name = "APIKit-watchOS";
			productName = "APIKit-watchOS";
			productReference = 0BD1A6B31E89448A00EA0C1A /* APIKit.framework */;
			productType = "com.apple.product-type.framework";
		};
		0BD1A6CD1E8944F100EA0C1A /* APIKit-tvOS */ = {
			isa = PBXNativeTarget;
			buildConfigurationList = 0BD1A6D31E8944F200EA0C1A /* Build configuration list for PBXNativeTarget "APIKit-tvOS" */;
			buildPhases = (
				0BD1A6C91E8944F100EA0C1A /* Sources */,
				0BD1A6CA1E8944F100EA0C1A /* Frameworks */,
				0BD1A6CB1E8944F100EA0C1A /* Headers */,
				0BD1A6CC1E8944F100EA0C1A /* Resources */,
			);
			buildRules = (
			);
			dependencies = (
			);
			name = "APIKit-tvOS";
			productName = "APIKit-tvOS";
			productReference = 0BD1A6CE1E8944F100EA0C1A /* APIKit.framework */;
			productType = "com.apple.product-type.framework";
		};
		0BD1A6E71E8945E700EA0C1A /* Tests-iOS */ = {
			isa = PBXNativeTarget;
			buildConfigurationList = 0BD1A6F01E8945E700EA0C1A /* Build configuration list for PBXNativeTarget "Tests-iOS" */;
			buildPhases = (
				0BD1A6E41E8945E700EA0C1A /* Sources */,
				0BD1A6E51E8945E700EA0C1A /* Frameworks */,
				0BD1A6E61E8945E700EA0C1A /* Resources */,
			);
			buildRules = (
			);
			dependencies = (
				0BD1A6EF1E8945E700EA0C1A /* PBXTargetDependency */,
			);
			name = "Tests-iOS";
			productName = Tests;
			productReference = 0BD1A6E81E8945E700EA0C1A /* APIKitTests.xctest */;
			productType = "com.apple.product-type.bundle.unit-test";
		};
		0BD1A6F61E89467500EA0C1A /* Tests-macOS */ = {
			isa = PBXNativeTarget;
			buildConfigurationList = 0BD1A6FF1E89467500EA0C1A /* Build configuration list for PBXNativeTarget "Tests-macOS" */;
			buildPhases = (
				0BD1A6F31E89467500EA0C1A /* Sources */,
				0BD1A6F41E89467500EA0C1A /* Frameworks */,
				0BD1A6F51E89467500EA0C1A /* Resources */,
			);
			buildRules = (
			);
			dependencies = (
				0BD1A6FE1E89467500EA0C1A /* PBXTargetDependency */,
			);
			name = "Tests-macOS";
			productName = "Tests-macOS";
			productReference = 0BD1A6F71E89467500EA0C1A /* APIKitTests.xctest */;
			productType = "com.apple.product-type.bundle.unit-test";
		};
		0BD1A7061E8946CC00EA0C1A /* Tests-tvOS */ = {
			isa = PBXNativeTarget;
			buildConfigurationList = 0BD1A70F1E8946CC00EA0C1A /* Build configuration list for PBXNativeTarget "Tests-tvOS" */;
			buildPhases = (
				0BD1A7031E8946CC00EA0C1A /* Sources */,
				0BD1A7041E8946CC00EA0C1A /* Frameworks */,
				0BD1A7051E8946CC00EA0C1A /* Resources */,
			);
			buildRules = (
			);
			dependencies = (
				0BD1A70E1E8946CC00EA0C1A /* PBXTargetDependency */,
			);
			name = "Tests-tvOS";
			productName = "Tests-tvOS";
			productReference = 0BD1A7071E8946CC00EA0C1A /* APIKitTests.xctest */;
			productType = "com.apple.product-type.bundle.unit-test";
		};
/* End PBXNativeTarget section */

/* Begin PBXProject section */
		0BBD58031E66DA190032256B /* Project object */ = {
			isa = PBXProject;
			attributes = {
				LastSwiftUpdateCheck = 0820;
				LastUpgradeCheck = 0820;
				ORGANIZATIONNAME = yageek;
				TargetAttributes = {
					0BBD580B1E66DA190032256B = {
						CreatedOnToolsVersion = 8.2.1;
						LastSwiftMigration = 0820;
						ProvisioningStyle = Automatic;
					};
					0BD1A6961E8943C400EA0C1A = {
						CreatedOnToolsVersion = 8.2.1;
						ProvisioningStyle = Automatic;
					};
					0BD1A6B21E89448A00EA0C1A = {
						CreatedOnToolsVersion = 8.2.1;
						ProvisioningStyle = Automatic;
					};
					0BD1A6CD1E8944F100EA0C1A = {
						CreatedOnToolsVersion = 8.2.1;
						ProvisioningStyle = Automatic;
					};
					0BD1A6E71E8945E700EA0C1A = {
						CreatedOnToolsVersion = 8.2.1;
						ProvisioningStyle = Automatic;
					};
					0BD1A6F61E89467500EA0C1A = {
						CreatedOnToolsVersion = 8.2.1;
						ProvisioningStyle = Automatic;
					};
					0BD1A7061E8946CC00EA0C1A = {
						CreatedOnToolsVersion = 8.2.1;
						ProvisioningStyle = Automatic;
					};
				};
			};
			buildConfigurationList = 0BBD58061E66DA190032256B /* Build configuration list for PBXProject "APIKit" */;
			compatibilityVersion = "Xcode 3.2";
			developmentRegion = English;
			hasScannedForEncodings = 0;
			knownRegions = (
				en,
			);
			mainGroup = 0BBD58021E66DA190032256B;
			productRefGroup = 0BBD580D1E66DA190032256B /* Products */;
			projectDirPath = "";
			projectRoot = "";
			targets = (
				0BBD580B1E66DA190032256B /* APIKit-iOS */,
				0BD1A6961E8943C400EA0C1A /* APIKit-macOS */,
				0BD1A6B21E89448A00EA0C1A /* APIKit-watchOS */,
				0BD1A6CD1E8944F100EA0C1A /* APIKit-tvOS */,
				0BD1A6E71E8945E700EA0C1A /* Tests-iOS */,
				0BD1A6F61E89467500EA0C1A /* Tests-macOS */,
				0BD1A7061E8946CC00EA0C1A /* Tests-tvOS */,
			);
		};
/* End PBXProject section */

/* Begin PBXResourcesBuildPhase section */
		0BBD580A1E66DA190032256B /* Resources */ = {
			isa = PBXResourcesBuildPhase;
			buildActionMask = 2147483647;
			files = (
			);
			runOnlyForDeploymentPostprocessing = 0;
		};
		0BD1A6951E8943C400EA0C1A /* Resources */ = {
			isa = PBXResourcesBuildPhase;
			buildActionMask = 2147483647;
			files = (
			);
			runOnlyForDeploymentPostprocessing = 0;
		};
		0BD1A6B11E89448A00EA0C1A /* Resources */ = {
			isa = PBXResourcesBuildPhase;
			buildActionMask = 2147483647;
			files = (
			);
			runOnlyForDeploymentPostprocessing = 0;
		};
		0BD1A6CC1E8944F100EA0C1A /* Resources */ = {
			isa = PBXResourcesBuildPhase;
			buildActionMask = 2147483647;
			files = (
			);
			runOnlyForDeploymentPostprocessing = 0;
		};
		0BD1A6E61E8945E700EA0C1A /* Resources */ = {
			isa = PBXResourcesBuildPhase;
			buildActionMask = 2147483647;
			files = (
			);
			runOnlyForDeploymentPostprocessing = 0;
		};
		0BD1A6F51E89467500EA0C1A /* Resources */ = {
			isa = PBXResourcesBuildPhase;
			buildActionMask = 2147483647;
			files = (
			);
			runOnlyForDeploymentPostprocessing = 0;
		};
		0BD1A7051E8946CC00EA0C1A /* Resources */ = {
			isa = PBXResourcesBuildPhase;
			buildActionMask = 2147483647;
			files = (
			);
			runOnlyForDeploymentPostprocessing = 0;
		};
/* End PBXResourcesBuildPhase section */

/* Begin PBXShellScriptBuildPhase section */
		0BBD581F1E66DB250032256B /* SwiftLint */ = {
			isa = PBXShellScriptBuildPhase;
			buildActionMask = 2147483647;
			files = (
			);
			inputPaths = (
			);
			name = SwiftLint;
			outputPaths = (
			);
			runOnlyForDeploymentPostprocessing = 0;
			shellPath = /bin/sh;
			shellScript = "if which swiftlint >/dev/null; then\nswiftlint\nelse\necho \"warning: SwiftLint not installed, download from https://github.com/realm/SwiftLint\"\nfi";
		};
		0BBD58231E66DBAC0032256B /* Carthage */ = {
			isa = PBXShellScriptBuildPhase;
			buildActionMask = 2147483647;
			files = (
			);
			inputPaths = (
				"$(SRCROOT)/Carthage/Build/iOS/ProcedureKit.framework",
				"$(SRCROOT)/Carthage/Build/iOS/ProcedureKitNetwork.framework",
			);
			name = Carthage;
			outputPaths = (
			);
			runOnlyForDeploymentPostprocessing = 0;
			shellPath = /bin/sh;
			shellScript = "/usr/local/bin/carthage copy-frameworks";
		};
/* End PBXShellScriptBuildPhase section */

/* Begin PBXSourcesBuildPhase section */
		0BBD58071E66DA190032256B /* Sources */ = {
			isa = PBXSourcesBuildPhase;
			buildActionMask = 2147483647;
			files = (
				0BDCA44B1E793646001D5443 /* DownloadProcedure.swift in Sources */,
				0BBD58251E66DC390032256B /* Endpoint.swift in Sources */,
				0BBD58271E66DD350032256B /* Marshalling.swift in Sources */,
				0BDCA44F1E793A5B001D5443 /* ResponseValidation.swift in Sources */,
				0BDCA4511E793B08001D5443 /* ValidateResponseProcedure.swift in Sources */,
				0BBD58211E66DB550032256B /* JSON.swift in Sources */,
				0BDCA44D1E7936F6001D5443 /* UnmarshallProcedure.swift in Sources */,
				0BD1A68A1E893C6200EA0C1A /* Error.swift in Sources */,
				0BBD58291E66DE6D0032256B /* BuildRequestProcedure.swift in Sources */,
			);
			runOnlyForDeploymentPostprocessing = 0;
		};
		0BD1A6921E8943C400EA0C1A /* Sources */ = {
			isa = PBXSourcesBuildPhase;
			buildActionMask = 2147483647;
			files = (
				0BD1A6A11E89440700EA0C1A /* Endpoint.swift in Sources */,
				0BD1A6A51E89440700EA0C1A /* DownloadProcedure.swift in Sources */,
				0BD1A6A31E89440700EA0C1A /* ResponseValidation.swift in Sources */,
				0BD1A6A61E89440700EA0C1A /* UnmarshallProcedure.swift in Sources */,
				0BD1A6A71E89440700EA0C1A /* ValidateResponseProcedure.swift in Sources */,
				0BD1A6A41E89440700EA0C1A /* BuildRequestProcedure.swift in Sources */,
				0BD1A6A21E89440700EA0C1A /* Marshalling.swift in Sources */,
				0BD1A6A81E89440700EA0C1A /* Error.swift in Sources */,
				0BD1A6A01E89440300EA0C1A /* JSON.swift in Sources */,
			);
			runOnlyForDeploymentPostprocessing = 0;
		};
		0BD1A6AE1E89448A00EA0C1A /* Sources */ = {
			isa = PBXSourcesBuildPhase;
			buildActionMask = 2147483647;
			files = (
				0BD1A6BD1E8944B100EA0C1A /* Endpoint.swift in Sources */,
				0BD1A6C11E8944B100EA0C1A /* DownloadProcedure.swift in Sources */,
				0BD1A6BF1E8944B100EA0C1A /* ResponseValidation.swift in Sources */,
				0BD1A6C21E8944B100EA0C1A /* UnmarshallProcedure.swift in Sources */,
				0BD1A6C31E8944B100EA0C1A /* ValidateResponseProcedure.swift in Sources */,
				0BD1A6C01E8944B100EA0C1A /* BuildRequestProcedure.swift in Sources */,
				0BD1A6BE1E8944B100EA0C1A /* Marshalling.swift in Sources */,
				0BD1A6C41E8944B100EA0C1A /* Error.swift in Sources */,
				0BD1A6BC1E8944B100EA0C1A /* JSON.swift in Sources */,
			);
			runOnlyForDeploymentPostprocessing = 0;
		};
		0BD1A6C91E8944F100EA0C1A /* Sources */ = {
			isa = PBXSourcesBuildPhase;
			buildActionMask = 2147483647;
			files = (
				0BD1A6D81E89450F00EA0C1A /* Endpoint.swift in Sources */,
				0BD1A6DC1E89450F00EA0C1A /* DownloadProcedure.swift in Sources */,
				0BD1A6DA1E89450F00EA0C1A /* ResponseValidation.swift in Sources */,
				0BD1A6DD1E89450F00EA0C1A /* UnmarshallProcedure.swift in Sources */,
				0BD1A6DE1E89450F00EA0C1A /* ValidateResponseProcedure.swift in Sources */,
				0BD1A6DB1E89450F00EA0C1A /* BuildRequestProcedure.swift in Sources */,
				0BD1A6D91E89450F00EA0C1A /* Marshalling.swift in Sources */,
				0BD1A6DF1E89450F00EA0C1A /* Error.swift in Sources */,
				0BD1A6D71E89450F00EA0C1A /* JSON.swift in Sources */,
			);
			runOnlyForDeploymentPostprocessing = 0;
		};
		0BD1A6E41E8945E700EA0C1A /* Sources */ = {
			isa = PBXSourcesBuildPhase;
			buildActionMask = 2147483647;
			files = (
				0BD1A6EB1E8945E700EA0C1A /* Tests.swift in Sources */,
			);
			runOnlyForDeploymentPostprocessing = 0;
		};
		0BD1A6F31E89467500EA0C1A /* Sources */ = {
			isa = PBXSourcesBuildPhase;
			buildActionMask = 2147483647;
			files = (
				0BD1A7021E8946A900EA0C1A /* Tests.swift in Sources */,
			);
			runOnlyForDeploymentPostprocessing = 0;
		};
		0BD1A7031E8946CC00EA0C1A /* Sources */ = {
			isa = PBXSourcesBuildPhase;
			buildActionMask = 2147483647;
			files = (
				0BD1A70A1E8946CC00EA0C1A /* Tests_tvOS.swift in Sources */,
				0BD1A7121E8946E400EA0C1A /* Tests.swift in Sources */,
			);
			runOnlyForDeploymentPostprocessing = 0;
		};
/* End PBXSourcesBuildPhase section */

/* Begin PBXTargetDependency section */
		0BD1A6EF1E8945E700EA0C1A /* PBXTargetDependency */ = {
			isa = PBXTargetDependency;
			target = 0BBD580B1E66DA190032256B /* APIKit-iOS */;
			targetProxy = 0BD1A6EE1E8945E700EA0C1A /* PBXContainerItemProxy */;
		};
		0BD1A6FE1E89467500EA0C1A /* PBXTargetDependency */ = {
			isa = PBXTargetDependency;
			target = 0BD1A6961E8943C400EA0C1A /* APIKit-macOS */;
			targetProxy = 0BD1A6FD1E89467500EA0C1A /* PBXContainerItemProxy */;
		};
		0BD1A70E1E8946CC00EA0C1A /* PBXTargetDependency */ = {
			isa = PBXTargetDependency;
			target = 0BD1A6CD1E8944F100EA0C1A /* APIKit-tvOS */;
			targetProxy = 0BD1A70D1E8946CC00EA0C1A /* PBXContainerItemProxy */;
		};
/* End PBXTargetDependency section */

/* Begin XCBuildConfiguration section */
		0BBD58121E66DA190032256B /* Debug */ = {
			isa = XCBuildConfiguration;
			buildSettings = {
				ALWAYS_SEARCH_USER_PATHS = NO;
				CLANG_ANALYZER_NONNULL = YES;
				CLANG_CXX_LANGUAGE_STANDARD = "gnu++0x";
				CLANG_CXX_LIBRARY = "libc++";
				CLANG_ENABLE_MODULES = YES;
				CLANG_ENABLE_OBJC_ARC = YES;
				CLANG_WARN_BOOL_CONVERSION = YES;
				CLANG_WARN_CONSTANT_CONVERSION = YES;
				CLANG_WARN_DIRECT_OBJC_ISA_USAGE = YES_ERROR;
				CLANG_WARN_DOCUMENTATION_COMMENTS = YES;
				CLANG_WARN_EMPTY_BODY = YES;
				CLANG_WARN_ENUM_CONVERSION = YES;
				CLANG_WARN_INFINITE_RECURSION = YES;
				CLANG_WARN_INT_CONVERSION = YES;
				CLANG_WARN_OBJC_ROOT_CLASS = YES_ERROR;
				CLANG_WARN_SUSPICIOUS_MOVE = YES;
				CLANG_WARN_UNREACHABLE_CODE = YES;
				CLANG_WARN__DUPLICATE_METHOD_MATCH = YES;
				"CODE_SIGN_IDENTITY[sdk=iphoneos*]" = "iPhone Developer";
				COPY_PHASE_STRIP = NO;
				CURRENT_PROJECT_VERSION = 1;
				DEBUG_INFORMATION_FORMAT = dwarf;
				ENABLE_STRICT_OBJC_MSGSEND = YES;
				ENABLE_TESTABILITY = YES;
				GCC_C_LANGUAGE_STANDARD = gnu99;
				GCC_DYNAMIC_NO_PIC = NO;
				GCC_NO_COMMON_BLOCKS = YES;
				GCC_OPTIMIZATION_LEVEL = 0;
				GCC_PREPROCESSOR_DEFINITIONS = (
					"DEBUG=1",
					"$(inherited)",
				);
				GCC_WARN_64_TO_32_BIT_CONVERSION = YES;
				GCC_WARN_ABOUT_RETURN_TYPE = YES_ERROR;
				GCC_WARN_UNDECLARED_SELECTOR = YES;
				GCC_WARN_UNINITIALIZED_AUTOS = YES_AGGRESSIVE;
				GCC_WARN_UNUSED_FUNCTION = YES;
				GCC_WARN_UNUSED_VARIABLE = YES;
				IPHONEOS_DEPLOYMENT_TARGET = 10.2;
				MTL_ENABLE_DEBUG_INFO = YES;
				ONLY_ACTIVE_ARCH = YES;
				SDKROOT = iphoneos;
				SWIFT_ACTIVE_COMPILATION_CONDITIONS = DEBUG;
				SWIFT_OPTIMIZATION_LEVEL = "-Onone";
				TARGETED_DEVICE_FAMILY = "1,2";
				VERSIONING_SYSTEM = "apple-generic";
				VERSION_INFO_PREFIX = "";
			};
			name = Debug;
		};
		0BBD58131E66DA190032256B /* Release */ = {
			isa = XCBuildConfiguration;
			buildSettings = {
				ALWAYS_SEARCH_USER_PATHS = NO;
				CLANG_ANALYZER_NONNULL = YES;
				CLANG_CXX_LANGUAGE_STANDARD = "gnu++0x";
				CLANG_CXX_LIBRARY = "libc++";
				CLANG_ENABLE_MODULES = YES;
				CLANG_ENABLE_OBJC_ARC = YES;
				CLANG_WARN_BOOL_CONVERSION = YES;
				CLANG_WARN_CONSTANT_CONVERSION = YES;
				CLANG_WARN_DIRECT_OBJC_ISA_USAGE = YES_ERROR;
				CLANG_WARN_DOCUMENTATION_COMMENTS = YES;
				CLANG_WARN_EMPTY_BODY = YES;
				CLANG_WARN_ENUM_CONVERSION = YES;
				CLANG_WARN_INFINITE_RECURSION = YES;
				CLANG_WARN_INT_CONVERSION = YES;
				CLANG_WARN_OBJC_ROOT_CLASS = YES_ERROR;
				CLANG_WARN_SUSPICIOUS_MOVE = YES;
				CLANG_WARN_UNREACHABLE_CODE = YES;
				CLANG_WARN__DUPLICATE_METHOD_MATCH = YES;
				"CODE_SIGN_IDENTITY[sdk=iphoneos*]" = "iPhone Developer";
				COPY_PHASE_STRIP = NO;
				CURRENT_PROJECT_VERSION = 1;
				DEBUG_INFORMATION_FORMAT = "dwarf-with-dsym";
				ENABLE_NS_ASSERTIONS = NO;
				ENABLE_STRICT_OBJC_MSGSEND = YES;
				GCC_C_LANGUAGE_STANDARD = gnu99;
				GCC_NO_COMMON_BLOCKS = YES;
				GCC_WARN_64_TO_32_BIT_CONVERSION = YES;
				GCC_WARN_ABOUT_RETURN_TYPE = YES_ERROR;
				GCC_WARN_UNDECLARED_SELECTOR = YES;
				GCC_WARN_UNINITIALIZED_AUTOS = YES_AGGRESSIVE;
				GCC_WARN_UNUSED_FUNCTION = YES;
				GCC_WARN_UNUSED_VARIABLE = YES;
				IPHONEOS_DEPLOYMENT_TARGET = 10.2;
				MTL_ENABLE_DEBUG_INFO = NO;
				SDKROOT = iphoneos;
				SWIFT_OPTIMIZATION_LEVEL = "-Owholemodule";
				TARGETED_DEVICE_FAMILY = "1,2";
				VALIDATE_PRODUCT = YES;
				VERSIONING_SYSTEM = "apple-generic";
				VERSION_INFO_PREFIX = "";
			};
			name = Release;
		};
		0BBD58151E66DA190032256B /* Debug */ = {
			isa = XCBuildConfiguration;
			buildSettings = {
				CLANG_ENABLE_MODULES = YES;
				CODE_SIGN_IDENTITY = "";
				DEFINES_MODULE = YES;
				DYLIB_COMPATIBILITY_VERSION = 1;
				DYLIB_CURRENT_VERSION = 1;
				DYLIB_INSTALL_NAME_BASE = "@rpath";
				FRAMEWORK_SEARCH_PATHS = (
					"$(inherited)",
					"$(PROJECT_DIR)/Carthage/Build/iOS",
				);
				INFOPLIST_FILE = Sources/Info.plist;
				INSTALL_PATH = "$(LOCAL_LIBRARY_DIR)/Frameworks";
				LD_RUNPATH_SEARCH_PATHS = "$(inherited) @executable_path/Frameworks @loader_path/Frameworks";
				PRODUCT_BUNDLE_IDENTIFIER = net.yageek.APIKit;
				PRODUCT_NAME = APIKit;
				SKIP_INSTALL = YES;
				SWIFT_OPTIMIZATION_LEVEL = "-Onone";
				SWIFT_VERSION = 3.0;
			};
			name = Debug;
		};
		0BBD58161E66DA190032256B /* Release */ = {
			isa = XCBuildConfiguration;
			buildSettings = {
				CLANG_ENABLE_MODULES = YES;
				CODE_SIGN_IDENTITY = "";
				DEFINES_MODULE = YES;
				DYLIB_COMPATIBILITY_VERSION = 1;
				DYLIB_CURRENT_VERSION = 1;
				DYLIB_INSTALL_NAME_BASE = "@rpath";
				FRAMEWORK_SEARCH_PATHS = (
					"$(inherited)",
					"$(PROJECT_DIR)/Carthage/Build/iOS",
				);
				INFOPLIST_FILE = Sources/Info.plist;
				INSTALL_PATH = "$(LOCAL_LIBRARY_DIR)/Frameworks";
				LD_RUNPATH_SEARCH_PATHS = "$(inherited) @executable_path/Frameworks @loader_path/Frameworks";
				PRODUCT_BUNDLE_IDENTIFIER = net.yageek.APIKit;
				PRODUCT_NAME = APIKit;
				SKIP_INSTALL = YES;
				SWIFT_VERSION = 3.0;
			};
			name = Release;
		};
		0BD1A69D1E8943C400EA0C1A /* Debug */ = {
			isa = XCBuildConfiguration;
			buildSettings = {
				CODE_SIGN_IDENTITY = "-";
				COMBINE_HIDPI_IMAGES = YES;
				DEFINES_MODULE = YES;
				DYLIB_COMPATIBILITY_VERSION = 1;
				DYLIB_CURRENT_VERSION = 1;
				DYLIB_INSTALL_NAME_BASE = "@rpath";
				FRAMEWORK_SEARCH_PATHS = (
					"$(inherited)",
					"$(PROJECT_DIR)/Carthage/Build/Mac",
				);
				FRAMEWORK_VERSION = A;
				INFOPLIST_FILE = Sources/Info.plist;
				INSTALL_PATH = "$(LOCAL_LIBRARY_DIR)/Frameworks";
				LD_RUNPATH_SEARCH_PATHS = "$(inherited) @executable_path/../Frameworks @loader_path/Frameworks";
				MACOSX_DEPLOYMENT_TARGET = 10.12;
				PRODUCT_BUNDLE_IDENTIFIER = net.yageek.APIKit;
				PRODUCT_NAME = APIKit;
				SDKROOT = macosx;
				SKIP_INSTALL = YES;
				SWIFT_VERSION = 3.0;
			};
			name = Debug;
		};
		0BD1A69E1E8943C400EA0C1A /* Release */ = {
			isa = XCBuildConfiguration;
			buildSettings = {
				CODE_SIGN_IDENTITY = "-";
				COMBINE_HIDPI_IMAGES = YES;
				DEFINES_MODULE = YES;
				DYLIB_COMPATIBILITY_VERSION = 1;
				DYLIB_CURRENT_VERSION = 1;
				DYLIB_INSTALL_NAME_BASE = "@rpath";
				FRAMEWORK_SEARCH_PATHS = (
					"$(inherited)",
					"$(PROJECT_DIR)/Carthage/Build/Mac",
				);
				FRAMEWORK_VERSION = A;
				INFOPLIST_FILE = Sources/Info.plist;
				INSTALL_PATH = "$(LOCAL_LIBRARY_DIR)/Frameworks";
				LD_RUNPATH_SEARCH_PATHS = "$(inherited) @executable_path/../Frameworks @loader_path/Frameworks";
				MACOSX_DEPLOYMENT_TARGET = 10.12;
				PRODUCT_BUNDLE_IDENTIFIER = net.yageek.APIKit;
				PRODUCT_NAME = APIKit;
				SDKROOT = macosx;
				SKIP_INSTALL = YES;
				SWIFT_VERSION = 3.0;
			};
			name = Release;
		};
		0BD1A6B91E89448A00EA0C1A /* Debug */ = {
			isa = XCBuildConfiguration;
			buildSettings = {
				APPLICATION_EXTENSION_API_ONLY = YES;
				CODE_SIGN_IDENTITY = "";
				DEFINES_MODULE = YES;
				DYLIB_COMPATIBILITY_VERSION = 1;
				DYLIB_CURRENT_VERSION = 1;
				DYLIB_INSTALL_NAME_BASE = "@rpath";
				FRAMEWORK_SEARCH_PATHS = (
					"$(inherited)",
					"$(PROJECT_DIR)/Carthage/Build/watchOS",
				);
				INFOPLIST_FILE = Sources/Info.plist;
				INSTALL_PATH = "$(LOCAL_LIBRARY_DIR)/Frameworks";
				LD_RUNPATH_SEARCH_PATHS = "$(inherited) @executable_path/Frameworks @loader_path/Frameworks";
				PRODUCT_BUNDLE_IDENTIFIER = net.yageek.APIKit;
				PRODUCT_NAME = APIKit;
				SDKROOT = watchos;
				SKIP_INSTALL = YES;
				SWIFT_VERSION = 3.0;
				TARGETED_DEVICE_FAMILY = 4;
				WATCHOS_DEPLOYMENT_TARGET = 3.1;
			};
			name = Debug;
		};
		0BD1A6BA1E89448A00EA0C1A /* Release */ = {
			isa = XCBuildConfiguration;
			buildSettings = {
				APPLICATION_EXTENSION_API_ONLY = YES;
				CODE_SIGN_IDENTITY = "";
				DEFINES_MODULE = YES;
				DYLIB_COMPATIBILITY_VERSION = 1;
				DYLIB_CURRENT_VERSION = 1;
				DYLIB_INSTALL_NAME_BASE = "@rpath";
				FRAMEWORK_SEARCH_PATHS = (
					"$(inherited)",
					"$(PROJECT_DIR)/Carthage/Build/watchOS",
				);
				INFOPLIST_FILE = Sources/Info.plist;
				INSTALL_PATH = "$(LOCAL_LIBRARY_DIR)/Frameworks";
				LD_RUNPATH_SEARCH_PATHS = "$(inherited) @executable_path/Frameworks @loader_path/Frameworks";
				PRODUCT_BUNDLE_IDENTIFIER = net.yageek.APIKit;
				PRODUCT_NAME = APIKit;
				SDKROOT = watchos;
				SKIP_INSTALL = YES;
				SWIFT_VERSION = 3.0;
				TARGETED_DEVICE_FAMILY = 4;
				WATCHOS_DEPLOYMENT_TARGET = 3.1;
			};
			name = Release;
		};
		0BD1A6D41E8944F200EA0C1A /* Debug */ = {
			isa = XCBuildConfiguration;
			buildSettings = {
				CODE_SIGN_IDENTITY = "";
				DEFINES_MODULE = YES;
				DYLIB_COMPATIBILITY_VERSION = 1;
				DYLIB_CURRENT_VERSION = 1;
				DYLIB_INSTALL_NAME_BASE = "@rpath";
				FRAMEWORK_SEARCH_PATHS = (
					"$(inherited)",
					"$(PROJECT_DIR)/Carthage/Build/tvOS",
				);
				INFOPLIST_FILE = Sources/Info.plist;
				INSTALL_PATH = "$(LOCAL_LIBRARY_DIR)/Frameworks";
				LD_RUNPATH_SEARCH_PATHS = "$(inherited) @executable_path/Frameworks @loader_path/Frameworks";
				PRODUCT_BUNDLE_IDENTIFIER = net.yageek.APIKit;
				PRODUCT_NAME = APIKit;
				SDKROOT = appletvos;
				SKIP_INSTALL = YES;
				SWIFT_VERSION = 3.0;
				TARGETED_DEVICE_FAMILY = 3;
				TVOS_DEPLOYMENT_TARGET = 10.1;
			};
			name = Debug;
		};
		0BD1A6D51E8944F200EA0C1A /* Release */ = {
			isa = XCBuildConfiguration;
			buildSettings = {
				CODE_SIGN_IDENTITY = "";
				DEFINES_MODULE = YES;
				DYLIB_COMPATIBILITY_VERSION = 1;
				DYLIB_CURRENT_VERSION = 1;
				DYLIB_INSTALL_NAME_BASE = "@rpath";
				FRAMEWORK_SEARCH_PATHS = (
					"$(inherited)",
					"$(PROJECT_DIR)/Carthage/Build/tvOS",
				);
				INFOPLIST_FILE = Sources/Info.plist;
				INSTALL_PATH = "$(LOCAL_LIBRARY_DIR)/Frameworks";
				LD_RUNPATH_SEARCH_PATHS = "$(inherited) @executable_path/Frameworks @loader_path/Frameworks";
				PRODUCT_BUNDLE_IDENTIFIER = net.yageek.APIKit;
				PRODUCT_NAME = APIKit;
				SDKROOT = appletvos;
				SKIP_INSTALL = YES;
				SWIFT_VERSION = 3.0;
				TARGETED_DEVICE_FAMILY = 3;
				TVOS_DEPLOYMENT_TARGET = 10.1;
			};
			name = Release;
		};
		0BD1A6F11E8945E700EA0C1A /* Debug */ = {
			isa = XCBuildConfiguration;
			buildSettings = {
				INFOPLIST_FILE = Tests/Info.plist;
				LD_RUNPATH_SEARCH_PATHS = "$(inherited) @executable_path/Frameworks @loader_path/Frameworks";
				PRODUCT_BUNDLE_IDENTIFIER = net.yageek.APIKitTests;
				PRODUCT_NAME = APIKitTests;
				SWIFT_VERSION = 3.0;
			};
			name = Debug;
		};
		0BD1A6F21E8945E700EA0C1A /* Release */ = {
			isa = XCBuildConfiguration;
			buildSettings = {
				INFOPLIST_FILE = Tests/Info.plist;
				LD_RUNPATH_SEARCH_PATHS = "$(inherited) @executable_path/Frameworks @loader_path/Frameworks";
				PRODUCT_BUNDLE_IDENTIFIER = net.yageek.APIKitTests;
				PRODUCT_NAME = APIKitTests;
				SWIFT_VERSION = 3.0;
			};
			name = Release;
		};
		0BD1A7001E89467500EA0C1A /* Debug */ = {
			isa = XCBuildConfiguration;
			buildSettings = {
				CODE_SIGN_IDENTITY = "-";
				COMBINE_HIDPI_IMAGES = YES;
				INFOPLIST_FILE = Tests/Info.plist;
				LD_RUNPATH_SEARCH_PATHS = "$(inherited) @executable_path/../Frameworks @loader_path/../Frameworks";
				MACOSX_DEPLOYMENT_TARGET = 10.12;
				PRODUCT_BUNDLE_IDENTIFIER = net.yageek.APIKitTests;
				PRODUCT_NAME = APIKitTests;
				SDKROOT = macosx;
				SWIFT_VERSION = 3.0;
			};
			name = Debug;
		};
		0BD1A7011E89467500EA0C1A /* Release */ = {
			isa = XCBuildConfiguration;
			buildSettings = {
				CODE_SIGN_IDENTITY = "-";
				COMBINE_HIDPI_IMAGES = YES;
				INFOPLIST_FILE = Tests/Info.plist;
				LD_RUNPATH_SEARCH_PATHS = "$(inherited) @executable_path/../Frameworks @loader_path/../Frameworks";
				MACOSX_DEPLOYMENT_TARGET = 10.12;
				PRODUCT_BUNDLE_IDENTIFIER = net.yageek.APIKitTests;
				PRODUCT_NAME = APIKitTests;
				SDKROOT = macosx;
				SWIFT_VERSION = 3.0;
			};
			name = Release;
		};
		0BD1A7101E8946CC00EA0C1A /* Debug */ = {
			isa = XCBuildConfiguration;
			buildSettings = {
				INFOPLIST_FILE = Tests/Info.plist;
				LD_RUNPATH_SEARCH_PATHS = "$(inherited) @executable_path/Frameworks @loader_path/Frameworks";
				PRODUCT_BUNDLE_IDENTIFIER = net.yageek.APIKitTests;
				PRODUCT_NAME = APIKitTests;
				SDKROOT = appletvos;
				SWIFT_VERSION = 3.0;
				TVOS_DEPLOYMENT_TARGET = 10.1;
			};
			name = Debug;
		};
		0BD1A7111E8946CC00EA0C1A /* Release */ = {
			isa = XCBuildConfiguration;
			buildSettings = {
				INFOPLIST_FILE = Tests/Info.plist;
				LD_RUNPATH_SEARCH_PATHS = "$(inherited) @executable_path/Frameworks @loader_path/Frameworks";
				PRODUCT_BUNDLE_IDENTIFIER = net.yageek.APIKitTests;
				PRODUCT_NAME = APIKitTests;
				SDKROOT = appletvos;
				SWIFT_VERSION = 3.0;
				TVOS_DEPLOYMENT_TARGET = 10.1;
			};
			name = Release;
		};
/* End XCBuildConfiguration section */

/* Begin XCConfigurationList section */
		0BBD58061E66DA190032256B /* Build configuration list for PBXProject "APIKit" */ = {
			isa = XCConfigurationList;
			buildConfigurations = (
				0BBD58121E66DA190032256B /* Debug */,
				0BBD58131E66DA190032256B /* Release */,
			);
			defaultConfigurationIsVisible = 0;
			defaultConfigurationName = Release;
		};
		0BBD58141E66DA190032256B /* Build configuration list for PBXNativeTarget "APIKit-iOS" */ = {
			isa = XCConfigurationList;
			buildConfigurations = (
				0BBD58151E66DA190032256B /* Debug */,
				0BBD58161E66DA190032256B /* Release */,
			);
			defaultConfigurationIsVisible = 0;
			defaultConfigurationName = Release;
		};
		0BD1A69C1E8943C400EA0C1A /* Build configuration list for PBXNativeTarget "APIKit-macOS" */ = {
			isa = XCConfigurationList;
			buildConfigurations = (
				0BD1A69D1E8943C400EA0C1A /* Debug */,
				0BD1A69E1E8943C400EA0C1A /* Release */,
			);
			defaultConfigurationIsVisible = 0;
		};
		0BD1A6B81E89448A00EA0C1A /* Build configuration list for PBXNativeTarget "APIKit-watchOS" */ = {
			isa = XCConfigurationList;
			buildConfigurations = (
				0BD1A6B91E89448A00EA0C1A /* Debug */,
				0BD1A6BA1E89448A00EA0C1A /* Release */,
			);
			defaultConfigurationIsVisible = 0;
		};
		0BD1A6D31E8944F200EA0C1A /* Build configuration list for PBXNativeTarget "APIKit-tvOS" */ = {
			isa = XCConfigurationList;
			buildConfigurations = (
				0BD1A6D41E8944F200EA0C1A /* Debug */,
				0BD1A6D51E8944F200EA0C1A /* Release */,
			);
			defaultConfigurationIsVisible = 0;
		};
		0BD1A6F01E8945E700EA0C1A /* Build configuration list for PBXNativeTarget "Tests-iOS" */ = {
			isa = XCConfigurationList;
			buildConfigurations = (
				0BD1A6F11E8945E700EA0C1A /* Debug */,
				0BD1A6F21E8945E700EA0C1A /* Release */,
			);
			defaultConfigurationIsVisible = 0;
		};
		0BD1A6FF1E89467500EA0C1A /* Build configuration list for PBXNativeTarget "Tests-macOS" */ = {
			isa = XCConfigurationList;
			buildConfigurations = (
				0BD1A7001E89467500EA0C1A /* Debug */,
				0BD1A7011E89467500EA0C1A /* Release */,
			);
			defaultConfigurationIsVisible = 0;
		};
		0BD1A70F1E8946CC00EA0C1A /* Build configuration list for PBXNativeTarget "Tests-tvOS" */ = {
			isa = XCConfigurationList;
			buildConfigurations = (
				0BD1A7101E8946CC00EA0C1A /* Debug */,
				0BD1A7111E8946CC00EA0C1A /* Release */,
			);
			defaultConfigurationIsVisible = 0;
		};
/* End XCConfigurationList section */
	};
	rootObject = 0BBD58031E66DA190032256B /* Project object */;
}
